
Microsoft Visual Studio Solution File, Format Version 12.00
# Visual Studio Version 17
VisualStudioVersion = 17.5.33516.290
MinimumVisualStudioVersion = 10.0.40219.1
Project("{151D2E53-A2C4-4D7D-83FE-D05416EBD58E}") = "ProjectADO1", "ProjectADO1\ProjectADO1.deployproj", "{80D6621F-925D-4587-A27A-4EEBB8B40745}"
EndProject
Global
	GlobalSection(SolutionConfigurationPlatforms) = preSolution
		Debug|Any CPU = Debug|Any CPU
		Release|Any CPU = Release|Any CPU
	EndGlobalSection
	GlobalSection(ProjectConfigurationPlatforms) = postSolution
		{80D6621F-925D-4587-A27A-4EEBB8B40745}.Debug|Any CPU.ActiveCfg = Debug|Any CPU
		{80D6621F-925D-4587-A27A-4EEBB8B40745}.Debug|Any CPU.Build.0 = Debug|Any CPU
		{80D6621F-925D-4587-A27A-4EEBB8B40745}.Release|Any CPU.ActiveCfg = Release|Any CPU
		{80D6621F-925D-4587-A27A-4EEBB8B40745}.Release|Any CPU.Build.0 = Release|Any CPU
	EndGlobalSection
	GlobalSection(SolutionProperties) = preSolution
		HideSolutionNode = FALSE
	EndGlobalSection
	GlobalSection(ExtensibilityGlobals) = postSolution
		SolutionGuid = {A6144A38-11BC-4853-AB49-C163EAF68F20}
	EndGlobalSection
EndGlobal
